
Microsoft Visual Studio Solution File, Format Version 12.00
# Visual Studio Version 17
VisualStudioVersion = 17.11.35208.52
MinimumVisualStudioVersion = 10.0.40219.1
Project("{9A19103F-16F7-4668-BE54-9A1E7A4F7556}") = "SynapseHealthTests", "SynapseHealthTests\SynapseHealthTests.csproj", "{9B283771-E71D-497C-BF9B-F6C5A8BC5B9B}"
EndProject
Project("{9A19103F-16F7-4668-BE54-9A1E7A4F7556}") = "SynapseHealth", "SynapseHealth\SynapseHealth.csproj", "{91CBCDAA-2569-4053-A967-B5CC3A9C1EDC}"
EndProject
Global
	GlobalSection(SolutionConfigurationPlatforms) = preSolution
		Debug|Any CPU = Debug|Any CPU
		Release|Any CPU = Release|Any CPU
	EndGlobalSection
	GlobalSection(ProjectConfigurationPlatforms) = postSolution
		{9B283771-E71D-497C-BF9B-F6C5A8BC5B9B}.Debug|Any CPU.ActiveCfg = Debug|Any CPU
		{9B283771-E71D-497C-BF9B-F6C5A8BC5B9B}.Debug|Any CPU.Build.0 = Debug|Any CPU
		{9B283771-E71D-497C-BF9B-F6C5A8BC5B9B}.Release|Any CPU.ActiveCfg = Release|Any CPU
		{9B283771-E71D-497C-BF9B-F6C5A8BC5B9B}.Release|Any CPU.Build.0 = Release|Any CPU
		{91CBCDAA-2569-4053-A967-B5CC3A9C1EDC}.Debug|Any CPU.ActiveCfg = Debug|Any CPU
		{91CBCDAA-2569-4053-A967-B5CC3A9C1EDC}.Debug|Any CPU.Build.0 = Debug|Any CPU
		{91CBCDAA-2569-4053-A967-B5CC3A9C1EDC}.Release|Any CPU.ActiveCfg = Release|Any CPU
		{91CBCDAA-2569-4053-A967-B5CC3A9C1EDC}.Release|Any CPU.Build.0 = Release|Any CPU
	EndGlobalSection
	GlobalSection(SolutionProperties) = preSolution
		HideSolutionNode = FALSE
	EndGlobalSection
	GlobalSection(ExtensibilityGlobals) = postSolution
		SolutionGuid = {0ADDECB3-E11E-4A0E-BC2D-0D431452F47C}
	EndGlobalSection
EndGlobal
